
Microsoft Visual Studio Solution File, Format Version 12.00
# Visual Studio Version 17
VisualStudioVersion = 17.14.37628.2 d17.14
MinimumVisualStudioVersion = 10.0.40219.1
Project("{FAE04EC0-301F-11D3-BF4B-00C04F79EFBC}") = "assignment1", "assignment1\assignment1.csproj", "{D3003397-FC71-4C10-8697-D5ED4FEA1DA7}"
EndProject
Global
	GlobalSection(SolutionConfigurationPlatforms) = preSolution
		Debug|Any CPU = Debug|Any CPU
		Release|Any CPU = Release|Any CPU
	EndGlobalSection
	GlobalSection(ProjectConfigurationPlatforms) = postSolution
		{D3003397-FC71-4C10-8697-D5ED4FEA1DA7}.Debug|Any CPU.ActiveCfg = Debug|Any CPU
		{D3003397-FC71-4C10-8697-D5ED4FEA1DA7}.Debug|Any CPU.Build.0 = Debug|Any CPU
		{D3003397-FC71-4C10-8697-D5ED4FEA1DA7}.Release|Any CPU.ActiveCfg = Release|Any CPU
		{D3003397-FC71-4C10-8697-D5ED4FEA1DA7}.Release|Any CPU.Build.0 = Release|Any CPU
	EndGlobalSection
	GlobalSection(SolutionProperties) = preSolution
		HideSolutionNode = FALSE
	EndGlobalSection
	GlobalSection(ExtensibilityGlobals) = postSolution
		SolutionGuid = {20CB218F-9683-4260-8B6C-63A17778DAA2}
	EndGlobalSection
EndGlobal
